<?xml version="1.0" encoding="utf-8"?>
<Project ToolsVersion="4.0" xmlns="http://schemas.microsoft.com/developer/msbuild/2003">
  <ItemGroup>
    <Filter Include="Source Files">
      <UniqueIdentifier>{4FC737F1-C7A5-4376-A066-2A32D752A2FF}</UniqueIdentifier>
      <Extensions>cpp;c;cc;cxx;def;odl;idl;hpj;bat;asm;asmx</Extensions>
    </Filter>
    <Filter Include="Header Files">
      <UniqueIdentifier>{93995380-89BD-4b04-88EB-625FBE52EBFB}</UniqueIdentifier>
      <Extensions>h;hh;hpp;hxx;hm;inl;inc;ipp;xsd</Extensions>
    </Filter>
    <Filter Include="Resource Files">
      <UniqueIdentifier>{67DA6AB6-F800-4c08-8B7A-83BB121AAD01}</UniqueIdentifier>
      <Extensions>rc;ico;cur;bmp;dlg;rc2;rct;bin;rgs;gif;jpg;jpeg;jpe;resx;tiff;tif;png;wav;mfcribbon-ms</Extensions>
    </Filter>
    <Filter Include="Header Files\Managers">
      <UniqueIdentifier>{ecf699f1-88f1-4d38-8e68-215f0f54b079}</UniqueIdentifier>
    </Filter>
    <Filter Include="Header Files\Controllers">
      <UniqueIdentifier>{6ddc10d4-74f1-4d72-a2be-ef9863f89df4}</UniqueIdentifier>
    </Filter>
    <Filter Include="Source Files\Managers">
      <UniqueIdentifier>{09ecb29f-010d-4947-886f-959392c7a497}</UniqueIdentifier>
    </Filter>
    <Filter Include="Source Files\Controllers">
      <UniqueIdentifier>{ba7d8348-35a3-4d1e-9178-b4ae21d9add5}</UniqueIdentifier>
    </Filter>
  </ItemGroup>
  <ItemGroup>
    <ClCompile Include="src\Textures.cpp">
      <Filter>Source Files</Filter>
    </ClCompile>
    <ClCompile Include="src\Main.cpp">
      <Filter>Source Files</Filter>
    </ClCompile>
    <ClCompile Include="src\Game.cpp">
      <Filter>Source Files</Filter>
    </ClCompile>
    <ClCompile Include="src\Entities.cpp">
      <Filter>Source Files</Filter>
    </ClCompile>
    <ClCompile Include="src\TextureManager.cpp">
      <Filter>Source Files\Managers</Filter>
    </ClCompile>
    <ClCompile Include="src\RenderManager.cpp">
      <Filter>Source Files\Managers</Filter>
    </ClCompile>
    <ClCompile Include="src\EntityManager.cpp">
      <Filter>Source Files\Managers</Filter>
    </ClCompile>
    <ClCompile Include="src\PlayerController.cpp">
      <Filter>Source Files\Controllers</Filter>
    </ClCompile>
  </ItemGroup>
  <ItemGroup>
    <ClInclude Include="headers\EntityManager.h">
      <Filter>Header Files\Managers</Filter>
    </ClInclude>
    <ClInclude Include="headers\RenderManager.h">
      <Filter>Header Files\Managers</Filter>
    </ClInclude>
    <ClInclude Include="headers\TextureManager.h">
      <Filter>Header Files\Managers</Filter>
    </ClInclude>
    <ClInclude Include="headers\Entities.h">
      <Filter>Header Files</Filter>
    </ClInclude>
    <ClInclude Include="headers\Global.h">
      <Filter>Header Files</Filter>
    </ClInclude>
    <ClInclude Include="headers\Textures.h">
      <Filter>Header Files</Filter>
    </ClInclude>
    <ClInclude Include="headers\Game.h">
      <Filter>Header Files</Filter>
    </ClInclude>
    <ClInclude Include="headers\PlayerController.h">
      <Filter>Header Files\Controllers</Filter>
    </ClInclude>
    <ClInclude Include="headers\Tiles.h">
      <Filter>Header Files</Filter>
    </ClInclude>
  </ItemGroup>
</Project>